
Microsoft Visual Studio Solution File, Format Version 12.00
# Visual Studio Version 16
VisualStudioVersion = 16.0.30011.22
MinimumVisualStudioVersion = 10.0.40219.1
Project("{FAE04EC0-301F-11D3-BF4B-00C04F79EFBC}") = "SampleContest.A", "SampleContest.A\SampleContest.A.csproj", "{FC12EFA5-369A-492B-817B-A383C2BDF610}"
EndProject
Project("{FAE04EC0-301F-11D3-BF4B-00C04F79EFBC}") = "ContestOzonGolangSchool.A", "ContestOzonGolangSchool.A\ContestOzonGolangSchool.A.csproj", "{E1FDED76-690C-4843-8D9D-0791B3E137A7}"
EndProject
Project("{FAE04EC0-301F-11D3-BF4B-00C04F79EFBC}") = "ContestOzonGolangSchool.InputGenerator", "ContestOzonGolangSchool.InputGenerator\ContestOzonGolangSchool.InputGenerator.csproj", "{96F6305D-375B-4C50-80EE-2B1520D7EC7A}"
EndProject
Project("{FAE04EC0-301F-11D3-BF4B-00C04F79EFBC}") = "ContestOzonGolangSchool.F", "ContestOzonGolangSchool.F\ContestOzonGolangSchool.F.csproj", "{E346FF65-68ED-4CC8-A193-D60246A028BE}"
EndProject
Project("{FAE04EC0-301F-11D3-BF4B-00C04F79EFBC}") = "ContestOzonGolangSchool.D", "ContestOzonGolangSchool.D\ContestOzonGolangSchool.D.csproj", "{E1F8DCCF-7196-4955-94EC-F4AF6ABEA336}"
EndProject
Global
	GlobalSection(SolutionConfigurationPlatforms) = preSolution
		Debug|Any CPU = Debug|Any CPU
		Release|Any CPU = Release|Any CPU
	EndGlobalSection
	GlobalSection(ProjectConfigurationPlatforms) = postSolution
		{FC12EFA5-369A-492B-817B-A383C2BDF610}.Debug|Any CPU.ActiveCfg = Debug|Any CPU
		{FC12EFA5-369A-492B-817B-A383C2BDF610}.Debug|Any CPU.Build.0 = Debug|Any CPU
		{FC12EFA5-369A-492B-817B-A383C2BDF610}.Release|Any CPU.ActiveCfg = Release|Any CPU
		{FC12EFA5-369A-492B-817B-A383C2BDF610}.Release|Any CPU.Build.0 = Release|Any CPU
		{E1FDED76-690C-4843-8D9D-0791B3E137A7}.Debug|Any CPU.ActiveCfg = Debug|Any CPU
		{E1FDED76-690C-4843-8D9D-0791B3E137A7}.Debug|Any CPU.Build.0 = Debug|Any CPU
		{E1FDED76-690C-4843-8D9D-0791B3E137A7}.Release|Any CPU.ActiveCfg = Release|Any CPU
		{E1FDED76-690C-4843-8D9D-0791B3E137A7}.Release|Any CPU.Build.0 = Release|Any CPU
		{96F6305D-375B-4C50-80EE-2B1520D7EC7A}.Debug|Any CPU.ActiveCfg = Debug|Any CPU
		{96F6305D-375B-4C50-80EE-2B1520D7EC7A}.Debug|Any CPU.Build.0 = Debug|Any CPU
		{96F6305D-375B-4C50-80EE-2B1520D7EC7A}.Release|Any CPU.ActiveCfg = Release|Any CPU
		{96F6305D-375B-4C50-80EE-2B1520D7EC7A}.Release|Any CPU.Build.0 = Release|Any CPU
		{E346FF65-68ED-4CC8-A193-D60246A028BE}.Debug|Any CPU.ActiveCfg = Debug|Any CPU
		{E346FF65-68ED-4CC8-A193-D60246A028BE}.Debug|Any CPU.Build.0 = Debug|Any CPU
		{E346FF65-68ED-4CC8-A193-D60246A028BE}.Release|Any CPU.ActiveCfg = Release|Any CPU
		{E346FF65-68ED-4CC8-A193-D60246A028BE}.Release|Any CPU.Build.0 = Release|Any CPU
		{E1F8DCCF-7196-4955-94EC-F4AF6ABEA336}.Debug|Any CPU.ActiveCfg = Debug|Any CPU
		{E1F8DCCF-7196-4955-94EC-F4AF6ABEA336}.Debug|Any CPU.Build.0 = Debug|Any CPU
		{E1F8DCCF-7196-4955-94EC-F4AF6ABEA336}.Release|Any CPU.ActiveCfg = Release|Any CPU
		{E1F8DCCF-7196-4955-94EC-F4AF6ABEA336}.Release|Any CPU.Build.0 = Release|Any CPU
	EndGlobalSection
	GlobalSection(SolutionProperties) = preSolution
		HideSolutionNode = FALSE
	EndGlobalSection
	GlobalSection(ExtensibilityGlobals) = postSolution
		SolutionGuid = {017969E4-1F82-4A54-B0C1-AC5E2E7FB779}
	EndGlobalSection
EndGlobal
